
Microsoft Visual Studio Solution File, Format Version 12.00
# Visual Studio 15
VisualStudioVersion = 15.0.28010.2016
MinimumVisualStudioVersion = 10.0.40219.1
Project("{FAE04EC0-301F-11D3-BF4B-00C04F79EFBC}") = "PostageCalculator", "PostageCalculator\PostageCalculator.csproj", "{14631E28-E5CE-4350-8523-1BD10DC1C0FA}"
EndProject
Project("{FAE04EC0-301F-11D3-BF4B-00C04F79EFBC}") = "TollBoothCalculator", "TollBoothCalculator\TollBoothCalculator.csproj", "{2CABEC42-2213-45E9-9E02-1A06E11C14C3}"
EndProject
Global
	GlobalSection(SolutionConfigurationPlatforms) = preSolution
		Debug|Any CPU = Debug|Any CPU
		Release|Any CPU = Release|Any CPU
	EndGlobalSection
	GlobalSection(ProjectConfigurationPlatforms) = postSolution
		{14631E28-E5CE-4350-8523-1BD10DC1C0FA}.Debug|Any CPU.ActiveCfg = Debug|Any CPU
		{14631E28-E5CE-4350-8523-1BD10DC1C0FA}.Debug|Any CPU.Build.0 = Debug|Any CPU
		{14631E28-E5CE-4350-8523-1BD10DC1C0FA}.Release|Any CPU.ActiveCfg = Release|Any CPU
		{14631E28-E5CE-4350-8523-1BD10DC1C0FA}.Release|Any CPU.Build.0 = Release|Any CPU
		{2CABEC42-2213-45E9-9E02-1A06E11C14C3}.Debug|Any CPU.ActiveCfg = Debug|Any CPU
		{2CABEC42-2213-45E9-9E02-1A06E11C14C3}.Debug|Any CPU.Build.0 = Debug|Any CPU
		{2CABEC42-2213-45E9-9E02-1A06E11C14C3}.Release|Any CPU.ActiveCfg = Release|Any CPU
		{2CABEC42-2213-45E9-9E02-1A06E11C14C3}.Release|Any CPU.Build.0 = Release|Any CPU
	EndGlobalSection
	GlobalSection(SolutionProperties) = preSolution
		HideSolutionNode = FALSE
	EndGlobalSection
	GlobalSection(ExtensibilityGlobals) = postSolution
		SolutionGuid = {D721127C-792C-40AE-8BD4-101C2EE8FEA3}
	EndGlobalSection
EndGlobal
