
Microsoft Visual Studio Solution File, Format Version 12.00
# Visual Studio 15
VisualStudioVersion = 15.0.28307.779
MinimumVisualStudioVersion = 10.0.40219.1
Project("{FAE04EC0-301F-11D3-BF4B-00C04F79EFBC}") = "InsertArrayElement", "InsertArrayElement\InsertArrayElement.csproj", "{F316BAC7-0650-42E5-929F-FD73594A9594}"
EndProject
Global
	GlobalSection(SolutionConfigurationPlatforms) = preSolution
		Debug|Any CPU = Debug|Any CPU
		Release|Any CPU = Release|Any CPU
	EndGlobalSection
	GlobalSection(ProjectConfigurationPlatforms) = postSolution
		{F316BAC7-0650-42E5-929F-FD73594A9594}.Debug|Any CPU.ActiveCfg = Debug|Any CPU
		{F316BAC7-0650-42E5-929F-FD73594A9594}.Debug|Any CPU.Build.0 = Debug|Any CPU
		{F316BAC7-0650-42E5-929F-FD73594A9594}.Release|Any CPU.ActiveCfg = Release|Any CPU
		{F316BAC7-0650-42E5-929F-FD73594A9594}.Release|Any CPU.Build.0 = Release|Any CPU
	EndGlobalSection
	GlobalSection(SolutionProperties) = preSolution
		HideSolutionNode = FALSE
	EndGlobalSection
	GlobalSection(ExtensibilityGlobals) = postSolution
		SolutionGuid = {1CF90C2D-523C-4DF4-942A-529AA31D70A7}
	EndGlobalSection
EndGlobal
