
Microsoft Visual Studio Solution File, Format Version 12.00
# Visual Studio 15
VisualStudioVersion = 15.0.28307.572
MinimumVisualStudioVersion = 10.0.40219.1
Project("{9A19103F-16F7-4668-BE54-9A1E7A4F7556}") = "ProductReviewsAPI", "ProductReviewsAPI\ProductReviewsAPI.csproj", "{DD223B07-4047-4952-AE01-20AA529A3C24}"
EndProject
Global
	GlobalSection(SolutionConfigurationPlatforms) = preSolution
		Debug|Any CPU = Debug|Any CPU
		Release|Any CPU = Release|Any CPU
	EndGlobalSection
	GlobalSection(ProjectConfigurationPlatforms) = postSolution
		{DD223B07-4047-4952-AE01-20AA529A3C24}.Debug|Any CPU.ActiveCfg = Debug|Any CPU
		{DD223B07-4047-4952-AE01-20AA529A3C24}.Debug|Any CPU.Build.0 = Debug|Any CPU
		{DD223B07-4047-4952-AE01-20AA529A3C24}.Release|Any CPU.ActiveCfg = Release|Any CPU
		{DD223B07-4047-4952-AE01-20AA529A3C24}.Release|Any CPU.Build.0 = Release|Any CPU
	EndGlobalSection
	GlobalSection(SolutionProperties) = preSolution
		HideSolutionNode = FALSE
	EndGlobalSection
	GlobalSection(ExtensibilityGlobals) = postSolution
		SolutionGuid = {0E6256E1-4BAF-4C6B-AF20-044A2A0E28B5}
	EndGlobalSection
EndGlobal
